
Microsoft Visual Studio Solution File, Format Version 12.00
# Visual Studio Version 17
VisualStudioVersion = 17.14.36811.4 d17.14
MinimumVisualStudioVersion = 10.0.40219.1
Project("{FAE04EC0-301F-11D3-BF4B-00C04F79EFBC}") = "TPSyntheseProgOO", "TPSyntheseProgOO\TPSyntheseProgOO.csproj", "{2AC04908-DF07-40F1-82CD-E4B3655AC6E5}"
EndProject
Global
	GlobalSection(SolutionConfigurationPlatforms) = preSolution
		Debug|Any CPU = Debug|Any CPU
		Release|Any CPU = Release|Any CPU
	EndGlobalSection
	GlobalSection(ProjectConfigurationPlatforms) = postSolution
		{2AC04908-DF07-40F1-82CD-E4B3655AC6E5}.Debug|Any CPU.ActiveCfg = Debug|Any CPU
		{2AC04908-DF07-40F1-82CD-E4B3655AC6E5}.Debug|Any CPU.Build.0 = Debug|Any CPU
		{2AC04908-DF07-40F1-82CD-E4B3655AC6E5}.Release|Any CPU.ActiveCfg = Release|Any CPU
		{2AC04908-DF07-40F1-82CD-E4B3655AC6E5}.Release|Any CPU.Build.0 = Release|Any CPU
	EndGlobalSection
	GlobalSection(SolutionProperties) = preSolution
		HideSolutionNode = FALSE
	EndGlobalSection
	GlobalSection(ExtensibilityGlobals) = postSolution
		SolutionGuid = {485ABA25-0F30-45B4-9F7C-171F4ACB60B4}
	EndGlobalSection
EndGlobal
